
Microsoft Visual Studio Solution File, Format Version 12.00
# Visual Studio 15
VisualStudioVersion = 15.0.27703.2035
MinimumVisualStudioVersion = 10.0.40219.1
Project("{FAE04EC0-301F-11D3-BF4B-00C04F79EFBC}") = "DemoEscapeSequences", "DemoEscapeSequences\DemoEscapeSequences.csproj", "{891583C5-7DF0-459C-988D-FCDA1B7900CB}"
EndProject
Global
	GlobalSection(SolutionConfigurationPlatforms) = preSolution
		Debug|Any CPU = Debug|Any CPU
		Release|Any CPU = Release|Any CPU
	EndGlobalSection
	GlobalSection(ProjectConfigurationPlatforms) = postSolution
		{891583C5-7DF0-459C-988D-FCDA1B7900CB}.Debug|Any CPU.ActiveCfg = Debug|Any CPU
		{891583C5-7DF0-459C-988D-FCDA1B7900CB}.Debug|Any CPU.Build.0 = Debug|Any CPU
		{891583C5-7DF0-459C-988D-FCDA1B7900CB}.Release|Any CPU.ActiveCfg = Release|Any CPU
		{891583C5-7DF0-459C-988D-FCDA1B7900CB}.Release|Any CPU.Build.0 = Release|Any CPU
	EndGlobalSection
	GlobalSection(SolutionProperties) = preSolution
		HideSolutionNode = FALSE
	EndGlobalSection
	GlobalSection(ExtensibilityGlobals) = postSolution
		SolutionGuid = {0BBA66D8-8006-40FA-888C-51E55F489522}
	EndGlobalSection
EndGlobal
